
Microsoft Visual Studio Solution File, Format Version 12.00
# Visual Studio Version 16
VisualStudioVersion = 16.0.31729.503
MinimumVisualStudioVersion = 10.0.40219.1
Project("{FAE04EC0-301F-11D3-BF4B-00C04F79EFBC}") = "iTechArtBooking.Web", "iTechArtBooking.Web\iTechArtBooking.Web.csproj", "{9931D0A6-46A8-4356-80C4-4C5E7790DFE8}"
EndProject
Project("{FAE04EC0-301F-11D3-BF4B-00C04F79EFBC}") = "Core", "Core\Core.csproj", "{980E856D-9287-4D6D-BEAD-38CA1AEC7D76}"
EndProject
Project("{FAE04EC0-301F-11D3-BF4B-00C04F79EFBC}") = "Infrastucture", "Infrastucture\Infrastucture.csproj", "{A2087389-1282-4DDC-8045-8BE18E8F45B6}"
EndProject
Global
	GlobalSection(SolutionConfigurationPlatforms) = preSolution
		Debug|Any CPU = Debug|Any CPU
		Release|Any CPU = Release|Any CPU
	EndGlobalSection
	GlobalSection(ProjectConfigurationPlatforms) = postSolution
		{9931D0A6-46A8-4356-80C4-4C5E7790DFE8}.Debug|Any CPU.ActiveCfg = Debug|Any CPU
		{9931D0A6-46A8-4356-80C4-4C5E7790DFE8}.Debug|Any CPU.Build.0 = Debug|Any CPU
		{9931D0A6-46A8-4356-80C4-4C5E7790DFE8}.Release|Any CPU.ActiveCfg = Release|Any CPU
		{9931D0A6-46A8-4356-80C4-4C5E7790DFE8}.Release|Any CPU.Build.0 = Release|Any CPU
		{980E856D-9287-4D6D-BEAD-38CA1AEC7D76}.Debug|Any CPU.ActiveCfg = Debug|Any CPU
		{980E856D-9287-4D6D-BEAD-38CA1AEC7D76}.Debug|Any CPU.Build.0 = Debug|Any CPU
		{980E856D-9287-4D6D-BEAD-38CA1AEC7D76}.Release|Any CPU.ActiveCfg = Release|Any CPU
		{980E856D-9287-4D6D-BEAD-38CA1AEC7D76}.Release|Any CPU.Build.0 = Release|Any CPU
		{A2087389-1282-4DDC-8045-8BE18E8F45B6}.Debug|Any CPU.ActiveCfg = Debug|Any CPU
		{A2087389-1282-4DDC-8045-8BE18E8F45B6}.Debug|Any CPU.Build.0 = Debug|Any CPU
		{A2087389-1282-4DDC-8045-8BE18E8F45B6}.Release|Any CPU.ActiveCfg = Release|Any CPU
		{A2087389-1282-4DDC-8045-8BE18E8F45B6}.Release|Any CPU.Build.0 = Release|Any CPU
	EndGlobalSection
	GlobalSection(SolutionProperties) = preSolution
		HideSolutionNode = FALSE
	EndGlobalSection
	GlobalSection(ExtensibilityGlobals) = postSolution
		SolutionGuid = {9809FA89-28AD-4EB5-921C-F4D9E39181DE}
	EndGlobalSection
EndGlobal
